
Microsoft Visual Studio Solution File, Format Version 12.00
# Visual Studio Version 16
VisualStudioVersion = 16.0.31727.386
MinimumVisualStudioVersion = 10.0.40219.1
Project("{FAE04EC0-301F-11D3-BF4B-00C04F79EFBC}") = "Prototype2", "Prototype2\Prototype2.csproj", "{D198A411-C5F1-4560-B6BD-C58C64A0643E}"
EndProject
Global
	GlobalSection(SolutionConfigurationPlatforms) = preSolution
		Debug|Any CPU = Debug|Any CPU
		Release|Any CPU = Release|Any CPU
	EndGlobalSection
	GlobalSection(ProjectConfigurationPlatforms) = postSolution
		{D198A411-C5F1-4560-B6BD-C58C64A0643E}.Debug|Any CPU.ActiveCfg = Debug|Any CPU
		{D198A411-C5F1-4560-B6BD-C58C64A0643E}.Debug|Any CPU.Build.0 = Debug|Any CPU
		{D198A411-C5F1-4560-B6BD-C58C64A0643E}.Release|Any CPU.ActiveCfg = Release|Any CPU
		{D198A411-C5F1-4560-B6BD-C58C64A0643E}.Release|Any CPU.Build.0 = Release|Any CPU
	EndGlobalSection
	GlobalSection(SolutionProperties) = preSolution
		HideSolutionNode = FALSE
	EndGlobalSection
	GlobalSection(ExtensibilityGlobals) = postSolution
		SolutionGuid = {B8AB3EE7-B833-4986-91B2-FCBA238DCC18}
	EndGlobalSection
EndGlobal
