
Microsoft Visual Studio Solution File, Format Version 12.00
# Visual Studio Version 16
VisualStudioVersion = 16.0.31729.503
MinimumVisualStudioVersion = 10.0.40219.1
Project("{FAE04EC0-301F-11D3-BF4B-00C04F79EFBC}") = "WebAPI", "WebAPI\WebAPI.csproj", "{55683A72-8051-4C23-92A0-6B08ED13F4CD}"
EndProject
Global
	GlobalSection(SolutionConfigurationPlatforms) = preSolution
		Debug|Any CPU = Debug|Any CPU
		Release|Any CPU = Release|Any CPU
	EndGlobalSection
	GlobalSection(ProjectConfigurationPlatforms) = postSolution
		{55683A72-8051-4C23-92A0-6B08ED13F4CD}.Debug|Any CPU.ActiveCfg = Debug|Any CPU
		{55683A72-8051-4C23-92A0-6B08ED13F4CD}.Debug|Any CPU.Build.0 = Debug|Any CPU
		{55683A72-8051-4C23-92A0-6B08ED13F4CD}.Release|Any CPU.ActiveCfg = Release|Any CPU
		{55683A72-8051-4C23-92A0-6B08ED13F4CD}.Release|Any CPU.Build.0 = Release|Any CPU
	EndGlobalSection
	GlobalSection(SolutionProperties) = preSolution
		HideSolutionNode = FALSE
	EndGlobalSection
	GlobalSection(ExtensibilityGlobals) = postSolution
		SolutionGuid = {E7242E6E-D32C-4FB8-9083-E784DB9FC53E}
	EndGlobalSection
EndGlobal
